
Microsoft Visual Studio Solution File, Format Version 12.00
# Visual Studio Version 16
VisualStudioVersion = 16.0.31729.503
MinimumVisualStudioVersion = 10.0.40219.1
Project("{FAE04EC0-301F-11D3-BF4B-00C04F79EFBC}") = "Victorium pre 2.0", "Victorium pre 2.0.csproj", "{11F2FFDA-3F2F-4D59-8C4F-8914FB0F2633}"
EndProject
Global
	GlobalSection(SolutionConfigurationPlatforms) = preSolution
		Debug|Any CPU = Debug|Any CPU
		Debug|x86 = Debug|x86
		Release|Any CPU = Release|Any CPU
		Release|x86 = Release|x86
	EndGlobalSection
	GlobalSection(ProjectConfigurationPlatforms) = postSolution
		{11F2FFDA-3F2F-4D59-8C4F-8914FB0F2633}.Debug|Any CPU.ActiveCfg = Debug|Any CPU
		{11F2FFDA-3F2F-4D59-8C4F-8914FB0F2633}.Debug|Any CPU.Build.0 = Debug|Any CPU
		{11F2FFDA-3F2F-4D59-8C4F-8914FB0F2633}.Debug|x86.ActiveCfg = Debug|x86
		{11F2FFDA-3F2F-4D59-8C4F-8914FB0F2633}.Debug|x86.Build.0 = Debug|x86
		{11F2FFDA-3F2F-4D59-8C4F-8914FB0F2633}.Release|Any CPU.ActiveCfg = Release|Any CPU
		{11F2FFDA-3F2F-4D59-8C4F-8914FB0F2633}.Release|Any CPU.Build.0 = Release|Any CPU
		{11F2FFDA-3F2F-4D59-8C4F-8914FB0F2633}.Release|x86.ActiveCfg = Release|x86
		{11F2FFDA-3F2F-4D59-8C4F-8914FB0F2633}.Release|x86.Build.0 = Release|x86
	EndGlobalSection
	GlobalSection(SolutionProperties) = preSolution
		HideSolutionNode = FALSE
	EndGlobalSection
	GlobalSection(ExtensibilityGlobals) = postSolution
		SolutionGuid = {91668BD3-2F27-479A-BF83-D34ADD9085AF}
	EndGlobalSection
EndGlobal
